
Microsoft Visual Studio Solution File, Format Version 12.00
Project("{FAE04EC0-301F-11D3-BF4B-00C04F79EFBC}") = "AdventTest", "AdventTest.csproj", "{3EBEC2E7-015F-40E0-B85E-520894DAA662}"
EndProject
Global
	GlobalSection(SolutionConfigurationPlatforms) = preSolution
		Debug|Any CPU = Debug|Any CPU
		Release|Any CPU = Release|Any CPU
	EndGlobalSection
	GlobalSection(ProjectConfigurationPlatforms) = postSolution
		{3EBEC2E7-015F-40E0-B85E-520894DAA662}.Debug|Any CPU.ActiveCfg = Debug|Any CPU
		{3EBEC2E7-015F-40E0-B85E-520894DAA662}.Debug|Any CPU.Build.0 = Debug|Any CPU
		{3EBEC2E7-015F-40E0-B85E-520894DAA662}.Release|Any CPU.ActiveCfg = Release|Any CPU
		{3EBEC2E7-015F-40E0-B85E-520894DAA662}.Release|Any CPU.Build.0 = Release|Any CPU
	EndGlobalSection
EndGlobal
