
Microsoft Visual Studio Solution File, Format Version 12.00
Project("{FAE04EC0-301F-11D3-BF4B-00C04F79EFBC}") = "Program", "Program.csproj", "{ABFAA781-19EE-4BFB-9DE4-C7EDA9556527}"
EndProject
Global
	GlobalSection(SolutionConfigurationPlatforms) = preSolution
		Debug|Any CPU = Debug|Any CPU
		Release|Any CPU = Release|Any CPU
	EndGlobalSection
	GlobalSection(ProjectConfigurationPlatforms) = postSolution
		{ABFAA781-19EE-4BFB-9DE4-C7EDA9556527}.Debug|Any CPU.ActiveCfg = Debug|Any CPU
		{ABFAA781-19EE-4BFB-9DE4-C7EDA9556527}.Debug|Any CPU.Build.0 = Debug|Any CPU
		{ABFAA781-19EE-4BFB-9DE4-C7EDA9556527}.Release|Any CPU.ActiveCfg = Release|Any CPU
		{ABFAA781-19EE-4BFB-9DE4-C7EDA9556527}.Release|Any CPU.Build.0 = Release|Any CPU
	EndGlobalSection
EndGlobal
